// !$*UTF8*$!
{
	archiveVersion = 1;
	classes = {
	};
	objectVersion = 50;
	objects = {

/* Begin PBXBuildFile section */
		C205178223FF0A26003859E7 /* AppDelegate.swift in Sources */ = {isa = PBXBuildFile; fileRef = C205178123FF0A26003859E7 /* AppDelegate.swift */; };
		C205178423FF0A26003859E7 /* SceneDelegate.swift in Sources */ = {isa = PBXBuildFile; fileRef = C205178323FF0A26003859E7 /* SceneDelegate.swift */; };
		C205178623FF0A26003859E7 /* ViewController.swift in Sources */ = {isa = PBXBuildFile; fileRef = C205178523FF0A26003859E7 /* ViewController.swift */; };
		C205178923FF0A26003859E7 /* Main.storyboard in Resources */ = {isa = PBXBuildFile; fileRef = C205178723FF0A26003859E7 /* Main.storyboard */; };
		C205178B23FF0A27003859E7 /* Assets.xcassets in Resources */ = {isa = PBXBuildFile; fileRef = C205178A23FF0A27003859E7 /* Assets.xcassets */; };
		C205178E23FF0A27003859E7 /* LaunchScreen.storyboard in Resources */ = {isa = PBXBuildFile; fileRef = C205178C23FF0A27003859E7 /* LaunchScreen.storyboard */; };
		C268209524013C3E00C72409 /* LoadingView.swift in Sources */ = {isa = PBXBuildFile; fileRef = C268209424013C3E00C72409 /* LoadingView.swift */; };
		C268209B240154AB00C72409 /* DetailsViewController.swift in Sources */ = {isa = PBXBuildFile; fileRef = C268209A240154AB00C72409 /* DetailsViewController.swift */; };
/* End PBXBuildFile section */

/* Begin PBXFileReference section */
		C205177E23FF0A26003859E7 /* UploadImageImgurExample.app */ = {isa = PBXFileReference; explicitFileType = wrapper.application; includeInIndex = 0; path = UploadImageImgurExample.app; sourceTree = BUILT_PRODUCTS_DIR; };
		C205178123FF0A26003859E7 /* AppDelegate.swift */ = {isa = PBXFileReference; lastKnownFileType = sourcecode.swift; path = AppDelegate.swift; sourceTree = "<group>"; };
		C205178323FF0A26003859E7 /* SceneDelegate.swift */ = {isa = PBXFileReference; lastKnownFileType = sourcecode.swift; path = SceneDelegate.swift; sourceTree = "<group>"; };
		C205178523FF0A26003859E7 /* ViewController.swift */ = {isa = PBXFileReference; lastKnownFileType = sourcecode.swift; path = ViewController.swift; sourceTree = "<group>"; };
		C205178823FF0A26003859E7 /* Base */ = {isa = PBXFileReference; lastKnownFileType = file.storyboard; name = Base; path = Base.lproj/Main.storyboard; sourceTree = "<group>"; };
		C205178A23FF0A27003859E7 /* Assets.xcassets */ = {isa = PBXFileReference; lastKnownFileType = folder.assetcatalog; path = Assets.xcassets; sourceTree = "<group>"; };
		C205178D23FF0A27003859E7 /* Base */ = {isa = PBXFileReference; lastKnownFileType = file.storyboard; name = Base; path = Base.lproj/LaunchScreen.storyboard; sourceTree = "<group>"; };
		C205178F23FF0A27003859E7 /* Info.plist */ = {isa = PBXFileReference; lastKnownFileType = text.plist.xml; path = Info.plist; sourceTree = "<group>"; };
		C268209424013C3E00C72409 /* LoadingView.swift */ = {isa = PBXFileReference; lastKnownFileType = sourcecode.swift; path = LoadingView.swift; sourceTree = "<group>"; };
		C268209A240154AB00C72409 /* DetailsViewController.swift */ = {isa = PBXFileReference; lastKnownFileType = sourcecode.swift; path = DetailsViewController.swift; sourceTree = "<group>"; };
/* End PBXFileReference section */

/* Begin PBXFrameworksBuildPhase section */
		C205177B23FF0A26003859E7 /* Frameworks */ = {
			isa = PBXFrameworksBuildPhase;
			buildActionMask = 2147483647;
			files = (
			);
			runOnlyForDeploymentPostprocessing = 0;
		};
/* End PBXFrameworksBuildPhase section */

/* Begin PBXGroup section */
		C205177523FF0A26003859E7 = {
			isa = PBXGroup;
			children = (
				C205178023FF0A26003859E7 /* UploadImageImgurExample */,
				C205177F23FF0A26003859E7 /* Products */,
			);
			sourceTree = "<group>";
		};
		C205177F23FF0A26003859E7 /* Products */ = {
			isa = PBXGroup;
			children = (
				C205177E23FF0A26003859E7 /* UploadImageImgurExample.app */,
			);
			name = Products;
			sourceTree = "<group>";
		};
		C205178023FF0A26003859E7 /* UploadImageImgurExample */ = {
			isa = PBXGroup;
			children = (
				C205178123FF0A26003859E7 /* AppDelegate.swift */,
				C205178323FF0A26003859E7 /* SceneDelegate.swift */,
				C205178523FF0A26003859E7 /* ViewController.swift */,
				C268209A240154AB00C72409 /* DetailsViewController.swift */,
				C205178723FF0A26003859E7 /* Main.storyboard */,
				C268209424013C3E00C72409 /* LoadingView.swift */,
				C205178A23FF0A27003859E7 /* Assets.xcassets */,
				C205178C23FF0A27003859E7 /* LaunchScreen.storyboard */,
				C205178F23FF0A27003859E7 /* Info.plist */,
			);
			path = UploadImageImgurExample;
			sourceTree = "<group>";
		};
/* End PBXGroup section */

/* Begin PBXNativeTarget section */
		C205177D23FF0A26003859E7 /* UploadImageImgurExample */ = {
			isa = PBXNativeTarget;
			buildConfigurationList = C205179223FF0A27003859E7 /* Build configuration list for PBXNativeTarget "UploadImageImgurExample" */;
			buildPhases = (
				C205177A23FF0A26003859E7 /* Sources */,
				C205177B23FF0A26003859E7 /* Frameworks */,
				C205177C23FF0A26003859E7 /* Resources */,
			);
			buildRules = (
			);
			dependencies = (
			);
			name = UploadImageImgurExample;
			productName = UploadImageImgurExample;
			productReference = C205177E23FF0A26003859E7 /* UploadImageImgurExample.app */;
			productType = "com.apple.product-type.application";
		};
/* End PBXNativeTarget section */

/* Begin PBXProject section */
		C205177623FF0A26003859E7 /* Project object */ = {
			isa = PBXProject;
			attributes = {
				LastSwiftUpdateCheck = 1130;
				LastUpgradeCheck = 1130;
				ORGANIZATIONNAME = "John Codeos";
				TargetAttributes = {
					C205177D23FF0A26003859E7 = {
						CreatedOnToolsVersion = 11.3.1;
					};
				};
			};
			buildConfigurationList = C205177923FF0A26003859E7 /* Build configuration list for PBXProject "UploadImageImgurExample" */;
			compatibilityVersion = "Xcode 9.3";
			developmentRegion = en;
			hasScannedForEncodings = 0;
			knownRegions = (
				en,
				Base,
			);
			mainGroup = C205177523FF0A26003859E7;
			productRefGroup = C205177F23FF0A26003859E7 /* Products */;
			projectDirPath = "";
			projectRoot = "";
			targets = (
				C205177D23FF0A26003859E7 /* UploadImageImgurExample */,
			);
		};
/* End PBXProject section */

/* Begin PBXResourcesBuildPhase section */
		C205177C23FF0A26003859E7 /* Resources */ = {
			isa = PBXResourcesBuildPhase;
			buildActionMask = 2147483647;
			files = (
				C205178E23FF0A27003859E7 /* LaunchScreen.storyboard in Resources */,
				C205178B23FF0A27003859E7 /* Assets.xcassets in Resources */,
				C205178923FF0A26003859E7 /* Main.storyboard in Resources */,
			);
			runOnlyForDeploymentPostprocessing = 0;
		};
/* End PBXResourcesBuildPhase section */

/* Begin PBXSourcesBuildPhase section */
		C205177A23FF0A26003859E7 /* Sources */ = {
			isa = PBXSourcesBuildPhase;
			buildActionMask = 2147483647;
			files = (
				C205178623FF0A26003859E7 /* ViewController.swift in Sources */,
				C205178223FF0A26003859E7 /* AppDelegate.swift in Sources */,
				C205178423FF0A26003859E7 /* SceneDelegate.swift in Sources */,
				C268209524013C3E00C72409 /* LoadingView.swift in Sources */,
				C268209B240154AB00C72409 /* DetailsViewController.swift in Sources */,
			);
			runOnlyForDeploymentPostprocessing = 0;
		};
/* End PBXSourcesBuildPhase section */

/* Begin PBXVariantGroup section */
		C205178723FF0A26003859E7 /* Main.storyboard */ = {
			isa = PBXVariantGroup;
			children = (
				C205178823FF0A26003859E7 /* Base */,
			);
			name = Main.storyboard;
			sourceTree = "<group>";
		};
		C205178C23FF0A27003859E7 /* LaunchScreen.storyboard */ = {
			isa = PBXVariantGroup;
			children = (
				C205178D23FF0A27003859E7 /* Base */,
			);
			name = LaunchScreen.storyboard;
			sourceTree = "<group>";
		};
/* End PBXVariantGroup section */

/* Begin XCBuildConfiguration section */
		C205179023FF0A27003859E7 /* Debug */ = {
			isa = XCBuildConfiguration;
			buildSettings = {
				ALWAYS_SEARCH_USER_PATHS = NO;
				CLANG_ANALYZER_NONNULL = YES;
				CLANG_ANALYZER_NUMBER_OBJECT_CONVERSION = YES_AGGRESSIVE;
				CLANG_CXX_LANGUAGE_STANDARD = "gnu++14";
				CLANG_CXX_LIBRARY = "libc++";
				CLANG_ENABLE_MODULES = YES;
				CLANG_ENABLE_OBJC_ARC = YES;
				CLANG_ENABLE_OBJC_WEAK = YES;
				CLANG_WARN_BLOCK_CAPTURE_AUTORELEASING = YES;
				CLANG_WARN_BOOL_CONVERSION = YES;
				CLANG_WARN_COMMA = YES;
				CLANG_WARN_CONSTANT_CONVERSION = YES;
				CLANG_WARN_DEPRECATED_OBJC_IMPLEMENTATIONS = YES;
				CLANG_WARN_DIRECT_OBJC_ISA_USAGE = YES_ERROR;
				CLANG_WARN_DOCUMENTATION_COMMENTS = YES;
				CLANG_WARN_EMPTY_BODY = YES;
				CLANG_WARN_ENUM_CONVERSION = YES;
				CLANG_WARN_INFINITE_RECURSION = YES;
				CLANG_WARN_INT_CONVERSION = YES;
				CLANG_WARN_NON_LITERAL_NULL_CONVERSION = YES;
				CLANG_WARN_OBJC_IMPLICIT_RETAIN_SELF = YES;
				CLANG_WARN_OBJC_LITERAL_CONVERSION = YES;
				CLANG_WARN_OBJC_ROOT_CLASS = YES_ERROR;
				CLANG_WARN_RANGE_LOOP_ANALYSIS = YES;
				CLANG_WARN_STRICT_PROTOTYPES = YES;
				CLANG_WARN_SUSPICIOUS_MOVE = YES;
				CLANG_WARN_UNGUARDED_AVAILABILITY = YES_AGGRESSIVE;
				CLANG_WARN_UNREACHABLE_CODE = YES;
				CLANG_WARN__DUPLICATE_METHOD_MATCH = YES;
				COPY_PHASE_STRIP = NO;
				DEBUG_INFORMATION_FORMAT = dwarf;
				ENABLE_STRICT_OBJC_MSGSEND = YES;
				ENABLE_TESTABILITY = YES;
				GCC_C_LANGUAGE_STANDARD = gnu11;
				GCC_DYNAMIC_NO_PIC = NO;
				GCC_NO_COMMON_BLOCKS = YES;
				GCC_OPTIMIZATION_LEVEL = 0;
				GCC_PREPROCESSOR_DEFINITIONS = (
					"DEBUG=1",
					"$(inherited)",
				);
				GCC_WARN_64_TO_32_BIT_CONVERSION = YES;
				GCC_WARN_ABOUT_RETURN_TYPE = YES_ERROR;
				GCC_WARN_UNDECLARED_SELECTOR = YES;
				GCC_WARN_UNINITIALIZED_AUTOS = YES_AGGRESSIVE;
				GCC_WARN_UNUSED_FUNCTION = YES;
				GCC_WARN_UNUSED_VARIABLE = YES;
				IPHONEOS_DEPLOYMENT_TARGET = 13.2;
				MTL_ENABLE_DEBUG_INFO = INCLUDE_SOURCE;
				MTL_FAST_MATH = YES;
				ONLY_ACTIVE_ARCH = YES;
				SDKROOT = iphoneos;
				SWIFT_ACTIVE_COMPILATION_CONDITIONS = DEBUG;
				SWIFT_OPTIMIZATION_LEVEL = "-Onone";
			};
			name = Debug;
		};
		C205179123FF0A27003859E7 /* Release */ = {
			isa = XCBuildConfiguration;
			buildSettings = {
				ALWAYS_SEARCH_USER_PATHS = NO;
				CLANG_ANALYZER_NONNULL = YES;
				CLANG_ANALYZER_NUMBER_OBJECT_CONVERSION = YES_AGGRESSIVE;
				CLANG_CXX_LANGUAGE_STANDARD = "gnu++14";
				CLANG_CXX_LIBRARY = "libc++";
				CLANG_ENABLE_MODULES = YES;
				CLANG_ENABLE_OBJC_ARC = YES;
				CLANG_ENABLE_OBJC_WEAK = YES;
				CLANG_WARN_BLOCK_CAPTURE_AUTORELEASING = YES;
				CLANG_WARN_BOOL_CONVERSION = YES;
				CLANG_WARN_COMMA = YES;
				CLANG_WARN_CONSTANT_CONVERSION = YES;
				CLANG_WARN_DEPRECATED_OBJC_IMPLEMENTATIONS = YES;
				CLANG_WARN_DIRECT_OBJC_ISA_USAGE = YES_ERROR;
				CLANG_WARN_DOCUMENTATION_COMMENTS = YES;
				CLANG_WARN_EMPTY_BODY = YES;
				CLANG_WARN_ENUM_CONVERSION = YES;
				CLANG_WARN_INFINITE_RECURSION = YES;
				CLANG_WARN_INT_CONVERSION = YES;
				CLANG_WARN_NON_LITERAL_NULL_CONVERSION = YES;
				CLANG_WARN_OBJC_IMPLICIT_RETAIN_SELF = YES;
				CLANG_WARN_OBJC_LITERAL_CONVERSION = YES;
				CLANG_WARN_OBJC_ROOT_CLASS = YES_ERROR;
				CLANG_WARN_RANGE_LOOP_ANALYSIS = YES;
				CLANG_WARN_STRICT_PROTOTYPES = YES;
				CLANG_WARN_SUSPICIOUS_MOVE = YES;
				CLANG_WARN_UNGUARDED_AVAILABILITY = YES_AGGRESSIVE;
				CLANG_WARN_UNREACHABLE_CODE = YES;
				CLANG_WARN__DUPLICATE_METHOD_MATCH = YES;
				COPY_PHASE_STRIP = NO;
				DEBUG_INFORMATION_FORMAT = "dwarf-with-dsym";
				ENABLE_NS_ASSERTIONS = NO;
				ENABLE_STRICT_OBJC_MSGSEND = YES;
				GCC_C_LANGUAGE_STANDARD = gnu11;
				GCC_NO_COMMON_BLOCKS = YES;
				GCC_WARN_64_TO_32_BIT_CONVERSION = YES;
				GCC_WARN_ABOUT_RETURN_TYPE = YES_ERROR;
				GCC_WARN_UNDECLARED_SELECTOR = YES;
				GCC_WARN_UNINITIALIZED_AUTOS = YES_AGGRESSIVE;
				GCC_WARN_UNUSED_FUNCTION = YES;
				GCC_WARN_UNUSED_VARIABLE = YES;
				IPHONEOS_DEPLOYMENT_TARGET = 13.2;
				MTL_ENABLE_DEBUG_INFO = NO;
				MTL_FAST_MATH = YES;
				SDKROOT = iphoneos;
				SWIFT_COMPILATION_MODE = wholemodule;
				SWIFT_OPTIMIZATION_LEVEL = "-O";
				VALIDATE_PRODUCT = YES;
			};
			name = Release;
		};
		C205179323FF0A27003859E7 /* Debug */ = {
			isa = XCBuildConfiguration;
			buildSettings = {
				ASSETCATALOG_COMPILER_APPICON_NAME = AppIcon;
				CODE_SIGN_STYLE = Automatic;
				DEVELOPMENT_TEAM = 6P8Q9Q6J62;
				INFOPLIST_FILE = UploadImageImgurExample/Info.plist;
				IPHONEOS_DEPLOYMENT_TARGET = 13.0;
				LD_RUNPATH_SEARCH_PATHS = (
					"$(inherited)",
					"@executable_path/Frameworks",
				);
				PRODUCT_BUNDLE_IDENTIFIER = com.example.UploadImageImgurExample;
				PRODUCT_NAME = "$(TARGET_NAME)";
				SWIFT_VERSION = 5.0;
				TARGETED_DEVICE_FAMILY = "1,2";
			};
			name = Debug;
		};
		C205179423FF0A27003859E7 /* Release */ = {
			isa = XCBuildConfiguration;
			buildSettings = {
				ASSETCATALOG_COMPILER_APPICON_NAME = AppIcon;
				CODE_SIGN_STYLE = Automatic;
				DEVELOPMENT_TEAM = 6P8Q9Q6J62;
				INFOPLIST_FILE = UploadImageImgurExample/Info.plist;
				IPHONEOS_DEPLOYMENT_TARGET = 13.0;
				LD_RUNPATH_SEARCH_PATHS = (
					"$(inherited)",
					"@executable_path/Frameworks",
				);
				PRODUCT_BUNDLE_IDENTIFIER = com.example.UploadImageImgurExample;
				PRODUCT_NAME = "$(TARGET_NAME)";
				SWIFT_VERSION = 5.0;
				TARGETED_DEVICE_FAMILY = "1,2";
			};
			name = Release;
		};
/* End XCBuildConfiguration section */

/* Begin XCConfigurationList section */
		C205177923FF0A26003859E7 /* Build configuration list for PBXProject "UploadImageImgurExample" */ = {
			isa = XCConfigurationList;
			buildConfigurations = (
				C205179023FF0A27003859E7 /* Debug */,
				C205179123FF0A27003859E7 /* Release */,
			);
			defaultConfigurationIsVisible = 0;
			defaultConfigurationName = Release;
		};
		C205179223FF0A27003859E7 /* Build configuration list for PBXNativeTarget "UploadImageImgurExample" */ = {
			isa = XCConfigurationList;
			buildConfigurations = (
				C205179323FF0A27003859E7 /* Debug */,
				C205179423FF0A27003859E7 /* Release */,
			);
			defaultConfigurationIsVisible = 0;
			defaultConfigurationName = Release;
		};
/* End XCConfigurationList section */
	};
	rootObject = C205177623FF0A26003859E7 /* Project object */;
}
